
Microsoft Visual Studio Solution File, Format Version 12.00
# Visual Studio Version 16
VisualStudioVersion = 16.6.30114.105
MinimumVisualStudioVersion = 10.0.40219.1
Project("{FAE04EC0-301F-11D3-BF4B-00C04F79EFBC}") = "R5T.I0085-1001.Construction", "R5T.I0085-1001.Construction\R5T.I0085-1001.Construction.csproj", "{D91FCE70-5E48-4A95-8C36-2F213E896271}"
EndProject
Project("{FAE04EC0-301F-11D3-BF4B-00C04F79EFBC}") = "R5T.I0085-1001", "R5T.I0085-1001\R5T.I0085-1001.csproj", "{FDBAC7AF-B2F6-453E-8947-3D1BBCCCFB0B}"
EndProject
Project("{2150E333-8FDC-42A3-9474-1A3956D46DE8}") = "_Dependencies", "_Dependencies", "{33B2195D-3FFE-48E0-BC47-9F4B98157E42}"
EndProject
Project("{FAE04EC0-301F-11D3-BF4B-00C04F79EFBC}") = "R5T.T0064", "..\..\R5T.T0064\source\R5T.T0064\R5T.T0064.csproj", "{BEC2E976-D2A5-4FD0-B4CE-7EB9116496EC}"
EndProject
Global
	GlobalSection(SolutionConfigurationPlatforms) = preSolution
		Debug|Any CPU = Debug|Any CPU
		Debug|x64 = Debug|x64
		Debug|x86 = Debug|x86
		Release|Any CPU = Release|Any CPU
		Release|x64 = Release|x64
		Release|x86 = Release|x86
	EndGlobalSection
	GlobalSection(SolutionProperties) = preSolution
		HideSolutionNode = FALSE
	EndGlobalSection
	GlobalSection(ProjectConfigurationPlatforms) = postSolution
		{D91FCE70-5E48-4A95-8C36-2F213E896271}.Debug|Any CPU.ActiveCfg = Debug|Any CPU
		{D91FCE70-5E48-4A95-8C36-2F213E896271}.Debug|Any CPU.Build.0 = Debug|Any CPU
		{D91FCE70-5E48-4A95-8C36-2F213E896271}.Debug|x64.ActiveCfg = Debug|Any CPU
		{D91FCE70-5E48-4A95-8C36-2F213E896271}.Debug|x64.Build.0 = Debug|Any CPU
		{D91FCE70-5E48-4A95-8C36-2F213E896271}.Debug|x86.ActiveCfg = Debug|Any CPU
		{D91FCE70-5E48-4A95-8C36-2F213E896271}.Debug|x86.Build.0 = Debug|Any CPU
		{D91FCE70-5E48-4A95-8C36-2F213E896271}.Release|Any CPU.ActiveCfg = Release|Any CPU
		{D91FCE70-5E48-4A95-8C36-2F213E896271}.Release|Any CPU.Build.0 = Release|Any CPU
		{D91FCE70-5E48-4A95-8C36-2F213E896271}.Release|x64.ActiveCfg = Release|Any CPU
		{D91FCE70-5E48-4A95-8C36-2F213E896271}.Release|x64.Build.0 = Release|Any CPU
		{D91FCE70-5E48-4A95-8C36-2F213E896271}.Release|x86.ActiveCfg = Release|Any CPU
		{D91FCE70-5E48-4A95-8C36-2F213E896271}.Release|x86.Build.0 = Release|Any CPU
		{FDBAC7AF-B2F6-453E-8947-3D1BBCCCFB0B}.Debug|Any CPU.ActiveCfg = Debug|Any CPU
		{FDBAC7AF-B2F6-453E-8947-3D1BBCCCFB0B}.Debug|Any CPU.Build.0 = Debug|Any CPU
		{FDBAC7AF-B2F6-453E-8947-3D1BBCCCFB0B}.Debug|x64.ActiveCfg = Debug|Any CPU
		{FDBAC7AF-B2F6-453E-8947-3D1BBCCCFB0B}.Debug|x64.Build.0 = Debug|Any CPU
		{FDBAC7AF-B2F6-453E-8947-3D1BBCCCFB0B}.Debug|x86.ActiveCfg = Debug|Any CPU
		{FDBAC7AF-B2F6-453E-8947-3D1BBCCCFB0B}.Debug|x86.Build.0 = Debug|Any CPU
		{FDBAC7AF-B2F6-453E-8947-3D1BBCCCFB0B}.Release|Any CPU.ActiveCfg = Release|Any CPU
		{FDBAC7AF-B2F6-453E-8947-3D1BBCCCFB0B}.Release|Any CPU.Build.0 = Release|Any CPU
		{FDBAC7AF-B2F6-453E-8947-3D1BBCCCFB0B}.Release|x64.ActiveCfg = Release|Any CPU
		{FDBAC7AF-B2F6-453E-8947-3D1BBCCCFB0B}.Release|x64.Build.0 = Release|Any CPU
		{FDBAC7AF-B2F6-453E-8947-3D1BBCCCFB0B}.Release|x86.ActiveCfg = Release|Any CPU
		{FDBAC7AF-B2F6-453E-8947-3D1BBCCCFB0B}.Release|x86.Build.0 = Release|Any CPU
		{BEC2E976-D2A5-4FD0-B4CE-7EB9116496EC}.Debug|Any CPU.ActiveCfg = Debug|Any CPU
		{BEC2E976-D2A5-4FD0-B4CE-7EB9116496EC}.Debug|Any CPU.Build.0 = Debug|Any CPU
		{BEC2E976-D2A5-4FD0-B4CE-7EB9116496EC}.Debug|x64.ActiveCfg = Debug|Any CPU
		{BEC2E976-D2A5-4FD0-B4CE-7EB9116496EC}.Debug|x64.Build.0 = Debug|Any CPU
		{BEC2E976-D2A5-4FD0-B4CE-7EB9116496EC}.Debug|x86.ActiveCfg = Debug|Any CPU
		{BEC2E976-D2A5-4FD0-B4CE-7EB9116496EC}.Debug|x86.Build.0 = Debug|Any CPU
		{BEC2E976-D2A5-4FD0-B4CE-7EB9116496EC}.Release|Any CPU.ActiveCfg = Release|Any CPU
		{BEC2E976-D2A5-4FD0-B4CE-7EB9116496EC}.Release|Any CPU.Build.0 = Release|Any CPU
		{BEC2E976-D2A5-4FD0-B4CE-7EB9116496EC}.Release|x64.ActiveCfg = Release|Any CPU
		{BEC2E976-D2A5-4FD0-B4CE-7EB9116496EC}.Release|x64.Build.0 = Release|Any CPU
		{BEC2E976-D2A5-4FD0-B4CE-7EB9116496EC}.Release|x86.ActiveCfg = Release|Any CPU
		{BEC2E976-D2A5-4FD0-B4CE-7EB9116496EC}.Release|x86.Build.0 = Release|Any CPU
	EndGlobalSection
	GlobalSection(NestedProjects) = preSolution
		{BEC2E976-D2A5-4FD0-B4CE-7EB9116496EC} = {33B2195D-3FFE-48E0-BC47-9F4B98157E42}
	EndGlobalSection
EndGlobal
