
Microsoft Visual Studio Solution File, Format Version 12.00
# Visual Studio Version 16
VisualStudioVersion = 16.6.30114.105
MinimumVisualStudioVersion = 10.0.40219.1
Project("{9A19103F-16F7-4668-BE54-9A1E7A4F7556}") = "R5T.I0085-1001", "R5T.I0085-1001\R5T.I0085-1001.csproj", "{DE70F9FD-8AC3-4493-8131-7AFF1EB2C894}"
EndProject
Project("{2150E333-8FDC-42A3-9474-1A3956D46DE8}") = "_Dependencies", "_Dependencies", "{805C51DE-656B-49C7-B56D-3779016C4B46}"
EndProject
Project("{9A19103F-16F7-4668-BE54-9A1E7A4F7556}") = "R5T.Magyar", "..\..\R5T.Magyar\source\R5T.Magyar\R5T.Magyar.csproj", "{25CEF0F0-590F-49B5-A289-AFAFAD5FB13C}"
EndProject
Project("{9A19103F-16F7-4668-BE54-9A1E7A4F7556}") = "R5T.D1001.A001", "..\..\R5T.D1001\source\R5T.D1001.A001\R5T.D1001.A001.csproj", "{49705B85-A251-4268-BB19-05A51D432092}"
EndProject
Project("{9A19103F-16F7-4668-BE54-9A1E7A4F7556}") = "R5T.D1001.I001", "..\..\R5T.D1001\source\R5T.D1001.I001\R5T.D1001.I001.csproj", "{7BFA80A6-D7B2-406B-A3E9-5E1F47CABF8D}"
EndProject
Project("{9A19103F-16F7-4668-BE54-9A1E7A4F7556}") = "R5T.T0062.X001", "..\..\R5T.T0062\source\R5T.T0062.X001\R5T.T0062.X001.csproj", "{315A32D8-F0DD-4635-BF16-019D77CE9F06}"
EndProject
Project("{9A19103F-16F7-4668-BE54-9A1E7A4F7556}") = "R5T.T0063", "..\..\R5T.T0063\source\R5T.T0063\R5T.T0063.csproj", "{8EF827D8-AB90-434A-8E76-8A8B674963C5}"
EndProject
Project("{9A19103F-16F7-4668-BE54-9A1E7A4F7556}") = "R5T.L0013", "..\..\R5T.L0013\source\R5T.L0013\R5T.L0013.csproj", "{B6448A5D-5F30-47B3-B5F7-191320450B12}"
EndProject
Project("{9A19103F-16F7-4668-BE54-9A1E7A4F7556}") = "R5T.T0062", "..\..\R5T.T0062\source\R5T.T0062\R5T.T0062.csproj", "{70E0630A-D457-49E1-A3C9-B0B49CB14422}"
EndProject
Project("{9A19103F-16F7-4668-BE54-9A1E7A4F7556}") = "R5T.T0039.T002", "..\..\R5T.T0039\source\R5T.T0039.T002\R5T.T0039.T002.csproj", "{C0A15A71-D1FE-40EF-89E3-1F3E966CF579}"
EndProject
Project("{9A19103F-16F7-4668-BE54-9A1E7A4F7556}") = "R5T.D1001.Base", "..\..\R5T.D1001\source\R5T.D1001.Base\R5T.D1001.Base.csproj", "{21591665-A247-447B-B441-6EEDCB2C3426}"
EndProject
Project("{9A19103F-16F7-4668-BE54-9A1E7A4F7556}") = "R5T.T0064", "..\..\R5T.T0064\source\R5T.T0064\R5T.T0064.csproj", "{FBF819E6-4DCF-4BCD-83C3-9566F0E630B8}"
EndProject
Project("{9A19103F-16F7-4668-BE54-9A1E7A4F7556}") = "R5T.D0085.Base", "..\..\R5T.D0085\source\R5T.D0085.Base\R5T.D0085.Base.csproj", "{DDB34964-18A7-4858-93A0-5ACC9096C316}"
EndProject
Project("{9A19103F-16F7-4668-BE54-9A1E7A4F7556}") = "R5T.T0067.X001", "..\..\R5T.T0067\source\R5T.T0067.X001\R5T.T0067.X001.csproj", "{FF72424C-527B-430D-8E08-89D63BE634F6}"
EndProject
Project("{9A19103F-16F7-4668-BE54-9A1E7A4F7556}") = "R5T.T0072", "..\..\R5T.T0072\source\R5T.T0072\R5T.T0072.csproj", "{143FAF86-C20D-4537-B02B-B7BB589F35A3}"
EndProject
Project("{9A19103F-16F7-4668-BE54-9A1E7A4F7556}") = "R5T.T0067", "..\..\R5T.T0067\source\R5T.T0067\R5T.T0067.csproj", "{86BACE09-060B-4987-BE61-FE059FEAA618}"
EndProject
Global
	GlobalSection(SolutionConfigurationPlatforms) = preSolution
		Debug|Any CPU = Debug|Any CPU
		Debug|x64 = Debug|x64
		Debug|x86 = Debug|x86
		Release|Any CPU = Release|Any CPU
		Release|x64 = Release|x64
		Release|x86 = Release|x86
	EndGlobalSection
	GlobalSection(ProjectConfigurationPlatforms) = postSolution
		{DE70F9FD-8AC3-4493-8131-7AFF1EB2C894}.Debug|Any CPU.ActiveCfg = Debug|Any CPU
		{DE70F9FD-8AC3-4493-8131-7AFF1EB2C894}.Debug|Any CPU.Build.0 = Debug|Any CPU
		{DE70F9FD-8AC3-4493-8131-7AFF1EB2C894}.Debug|x64.ActiveCfg = Debug|Any CPU
		{DE70F9FD-8AC3-4493-8131-7AFF1EB2C894}.Debug|x64.Build.0 = Debug|Any CPU
		{DE70F9FD-8AC3-4493-8131-7AFF1EB2C894}.Debug|x86.ActiveCfg = Debug|Any CPU
		{DE70F9FD-8AC3-4493-8131-7AFF1EB2C894}.Debug|x86.Build.0 = Debug|Any CPU
		{DE70F9FD-8AC3-4493-8131-7AFF1EB2C894}.Release|Any CPU.ActiveCfg = Release|Any CPU
		{DE70F9FD-8AC3-4493-8131-7AFF1EB2C894}.Release|Any CPU.Build.0 = Release|Any CPU
		{DE70F9FD-8AC3-4493-8131-7AFF1EB2C894}.Release|x64.ActiveCfg = Release|Any CPU
		{DE70F9FD-8AC3-4493-8131-7AFF1EB2C894}.Release|x64.Build.0 = Release|Any CPU
		{DE70F9FD-8AC3-4493-8131-7AFF1EB2C894}.Release|x86.ActiveCfg = Release|Any CPU
		{DE70F9FD-8AC3-4493-8131-7AFF1EB2C894}.Release|x86.Build.0 = Release|Any CPU
		{25CEF0F0-590F-49B5-A289-AFAFAD5FB13C}.Debug|Any CPU.ActiveCfg = Debug|Any CPU
		{25CEF0F0-590F-49B5-A289-AFAFAD5FB13C}.Debug|Any CPU.Build.0 = Debug|Any CPU
		{25CEF0F0-590F-49B5-A289-AFAFAD5FB13C}.Debug|x64.ActiveCfg = Debug|Any CPU
		{25CEF0F0-590F-49B5-A289-AFAFAD5FB13C}.Debug|x64.Build.0 = Debug|Any CPU
		{25CEF0F0-590F-49B5-A289-AFAFAD5FB13C}.Debug|x86.ActiveCfg = Debug|Any CPU
		{25CEF0F0-590F-49B5-A289-AFAFAD5FB13C}.Debug|x86.Build.0 = Debug|Any CPU
		{25CEF0F0-590F-49B5-A289-AFAFAD5FB13C}.Release|Any CPU.ActiveCfg = Release|Any CPU
		{25CEF0F0-590F-49B5-A289-AFAFAD5FB13C}.Release|Any CPU.Build.0 = Release|Any CPU
		{25CEF0F0-590F-49B5-A289-AFAFAD5FB13C}.Release|x64.ActiveCfg = Release|Any CPU
		{25CEF0F0-590F-49B5-A289-AFAFAD5FB13C}.Release|x64.Build.0 = Release|Any CPU
		{25CEF0F0-590F-49B5-A289-AFAFAD5FB13C}.Release|x86.ActiveCfg = Release|Any CPU
		{25CEF0F0-590F-49B5-A289-AFAFAD5FB13C}.Release|x86.Build.0 = Release|Any CPU
		{49705B85-A251-4268-BB19-05A51D432092}.Debug|Any CPU.ActiveCfg = Debug|Any CPU
		{49705B85-A251-4268-BB19-05A51D432092}.Debug|Any CPU.Build.0 = Debug|Any CPU
		{49705B85-A251-4268-BB19-05A51D432092}.Debug|x64.ActiveCfg = Debug|Any CPU
		{49705B85-A251-4268-BB19-05A51D432092}.Debug|x64.Build.0 = Debug|Any CPU
		{49705B85-A251-4268-BB19-05A51D432092}.Debug|x86.ActiveCfg = Debug|Any CPU
		{49705B85-A251-4268-BB19-05A51D432092}.Debug|x86.Build.0 = Debug|Any CPU
		{49705B85-A251-4268-BB19-05A51D432092}.Release|Any CPU.ActiveCfg = Release|Any CPU
		{49705B85-A251-4268-BB19-05A51D432092}.Release|Any CPU.Build.0 = Release|Any CPU
		{49705B85-A251-4268-BB19-05A51D432092}.Release|x64.ActiveCfg = Release|Any CPU
		{49705B85-A251-4268-BB19-05A51D432092}.Release|x64.Build.0 = Release|Any CPU
		{49705B85-A251-4268-BB19-05A51D432092}.Release|x86.ActiveCfg = Release|Any CPU
		{49705B85-A251-4268-BB19-05A51D432092}.Release|x86.Build.0 = Release|Any CPU
		{7BFA80A6-D7B2-406B-A3E9-5E1F47CABF8D}.Debug|Any CPU.ActiveCfg = Debug|Any CPU
		{7BFA80A6-D7B2-406B-A3E9-5E1F47CABF8D}.Debug|Any CPU.Build.0 = Debug|Any CPU
		{7BFA80A6-D7B2-406B-A3E9-5E1F47CABF8D}.Debug|x64.ActiveCfg = Debug|Any CPU
		{7BFA80A6-D7B2-406B-A3E9-5E1F47CABF8D}.Debug|x64.Build.0 = Debug|Any CPU
		{7BFA80A6-D7B2-406B-A3E9-5E1F47CABF8D}.Debug|x86.ActiveCfg = Debug|Any CPU
		{7BFA80A6-D7B2-406B-A3E9-5E1F47CABF8D}.Debug|x86.Build.0 = Debug|Any CPU
		{7BFA80A6-D7B2-406B-A3E9-5E1F47CABF8D}.Release|Any CPU.ActiveCfg = Release|Any CPU
		{7BFA80A6-D7B2-406B-A3E9-5E1F47CABF8D}.Release|Any CPU.Build.0 = Release|Any CPU
		{7BFA80A6-D7B2-406B-A3E9-5E1F47CABF8D}.Release|x64.ActiveCfg = Release|Any CPU
		{7BFA80A6-D7B2-406B-A3E9-5E1F47CABF8D}.Release|x64.Build.0 = Release|Any CPU
		{7BFA80A6-D7B2-406B-A3E9-5E1F47CABF8D}.Release|x86.ActiveCfg = Release|Any CPU
		{7BFA80A6-D7B2-406B-A3E9-5E1F47CABF8D}.Release|x86.Build.0 = Release|Any CPU
		{315A32D8-F0DD-4635-BF16-019D77CE9F06}.Debug|Any CPU.ActiveCfg = Debug|Any CPU
		{315A32D8-F0DD-4635-BF16-019D77CE9F06}.Debug|Any CPU.Build.0 = Debug|Any CPU
		{315A32D8-F0DD-4635-BF16-019D77CE9F06}.Debug|x64.ActiveCfg = Debug|Any CPU
		{315A32D8-F0DD-4635-BF16-019D77CE9F06}.Debug|x64.Build.0 = Debug|Any CPU
		{315A32D8-F0DD-4635-BF16-019D77CE9F06}.Debug|x86.ActiveCfg = Debug|Any CPU
		{315A32D8-F0DD-4635-BF16-019D77CE9F06}.Debug|x86.Build.0 = Debug|Any CPU
		{315A32D8-F0DD-4635-BF16-019D77CE9F06}.Release|Any CPU.ActiveCfg = Release|Any CPU
		{315A32D8-F0DD-4635-BF16-019D77CE9F06}.Release|Any CPU.Build.0 = Release|Any CPU
		{315A32D8-F0DD-4635-BF16-019D77CE9F06}.Release|x64.ActiveCfg = Release|Any CPU
		{315A32D8-F0DD-4635-BF16-019D77CE9F06}.Release|x64.Build.0 = Release|Any CPU
		{315A32D8-F0DD-4635-BF16-019D77CE9F06}.Release|x86.ActiveCfg = Release|Any CPU
		{315A32D8-F0DD-4635-BF16-019D77CE9F06}.Release|x86.Build.0 = Release|Any CPU
		{8EF827D8-AB90-434A-8E76-8A8B674963C5}.Debug|Any CPU.ActiveCfg = Debug|Any CPU
		{8EF827D8-AB90-434A-8E76-8A8B674963C5}.Debug|Any CPU.Build.0 = Debug|Any CPU
		{8EF827D8-AB90-434A-8E76-8A8B674963C5}.Debug|x64.ActiveCfg = Debug|Any CPU
		{8EF827D8-AB90-434A-8E76-8A8B674963C5}.Debug|x64.Build.0 = Debug|Any CPU
		{8EF827D8-AB90-434A-8E76-8A8B674963C5}.Debug|x86.ActiveCfg = Debug|Any CPU
		{8EF827D8-AB90-434A-8E76-8A8B674963C5}.Debug|x86.Build.0 = Debug|Any CPU
		{8EF827D8-AB90-434A-8E76-8A8B674963C5}.Release|Any CPU.ActiveCfg = Release|Any CPU
		{8EF827D8-AB90-434A-8E76-8A8B674963C5}.Release|Any CPU.Build.0 = Release|Any CPU
		{8EF827D8-AB90-434A-8E76-8A8B674963C5}.Release|x64.ActiveCfg = Release|Any CPU
		{8EF827D8-AB90-434A-8E76-8A8B674963C5}.Release|x64.Build.0 = Release|Any CPU
		{8EF827D8-AB90-434A-8E76-8A8B674963C5}.Release|x86.ActiveCfg = Release|Any CPU
		{8EF827D8-AB90-434A-8E76-8A8B674963C5}.Release|x86.Build.0 = Release|Any CPU
		{B6448A5D-5F30-47B3-B5F7-191320450B12}.Debug|Any CPU.ActiveCfg = Debug|Any CPU
		{B6448A5D-5F30-47B3-B5F7-191320450B12}.Debug|Any CPU.Build.0 = Debug|Any CPU
		{B6448A5D-5F30-47B3-B5F7-191320450B12}.Debug|x64.ActiveCfg = Debug|Any CPU
		{B6448A5D-5F30-47B3-B5F7-191320450B12}.Debug|x64.Build.0 = Debug|Any CPU
		{B6448A5D-5F30-47B3-B5F7-191320450B12}.Debug|x86.ActiveCfg = Debug|Any CPU
		{B6448A5D-5F30-47B3-B5F7-191320450B12}.Debug|x86.Build.0 = Debug|Any CPU
		{B6448A5D-5F30-47B3-B5F7-191320450B12}.Release|Any CPU.ActiveCfg = Release|Any CPU
		{B6448A5D-5F30-47B3-B5F7-191320450B12}.Release|Any CPU.Build.0 = Release|Any CPU
		{B6448A5D-5F30-47B3-B5F7-191320450B12}.Release|x64.ActiveCfg = Release|Any CPU
		{B6448A5D-5F30-47B3-B5F7-191320450B12}.Release|x64.Build.0 = Release|Any CPU
		{B6448A5D-5F30-47B3-B5F7-191320450B12}.Release|x86.ActiveCfg = Release|Any CPU
		{B6448A5D-5F30-47B3-B5F7-191320450B12}.Release|x86.Build.0 = Release|Any CPU
		{70E0630A-D457-49E1-A3C9-B0B49CB14422}.Debug|Any CPU.ActiveCfg = Debug|Any CPU
		{70E0630A-D457-49E1-A3C9-B0B49CB14422}.Debug|Any CPU.Build.0 = Debug|Any CPU
		{70E0630A-D457-49E1-A3C9-B0B49CB14422}.Debug|x64.ActiveCfg = Debug|Any CPU
		{70E0630A-D457-49E1-A3C9-B0B49CB14422}.Debug|x64.Build.0 = Debug|Any CPU
		{70E0630A-D457-49E1-A3C9-B0B49CB14422}.Debug|x86.ActiveCfg = Debug|Any CPU
		{70E0630A-D457-49E1-A3C9-B0B49CB14422}.Debug|x86.Build.0 = Debug|Any CPU
		{70E0630A-D457-49E1-A3C9-B0B49CB14422}.Release|Any CPU.ActiveCfg = Release|Any CPU
		{70E0630A-D457-49E1-A3C9-B0B49CB14422}.Release|Any CPU.Build.0 = Release|Any CPU
		{70E0630A-D457-49E1-A3C9-B0B49CB14422}.Release|x64.ActiveCfg = Release|Any CPU
		{70E0630A-D457-49E1-A3C9-B0B49CB14422}.Release|x64.Build.0 = Release|Any CPU
		{70E0630A-D457-49E1-A3C9-B0B49CB14422}.Release|x86.ActiveCfg = Release|Any CPU
		{70E0630A-D457-49E1-A3C9-B0B49CB14422}.Release|x86.Build.0 = Release|Any CPU
		{C0A15A71-D1FE-40EF-89E3-1F3E966CF579}.Debug|Any CPU.ActiveCfg = Debug|Any CPU
		{C0A15A71-D1FE-40EF-89E3-1F3E966CF579}.Debug|Any CPU.Build.0 = Debug|Any CPU
		{C0A15A71-D1FE-40EF-89E3-1F3E966CF579}.Debug|x64.ActiveCfg = Debug|Any CPU
		{C0A15A71-D1FE-40EF-89E3-1F3E966CF579}.Debug|x64.Build.0 = Debug|Any CPU
		{C0A15A71-D1FE-40EF-89E3-1F3E966CF579}.Debug|x86.ActiveCfg = Debug|Any CPU
		{C0A15A71-D1FE-40EF-89E3-1F3E966CF579}.Debug|x86.Build.0 = Debug|Any CPU
		{C0A15A71-D1FE-40EF-89E3-1F3E966CF579}.Release|Any CPU.ActiveCfg = Release|Any CPU
		{C0A15A71-D1FE-40EF-89E3-1F3E966CF579}.Release|Any CPU.Build.0 = Release|Any CPU
		{C0A15A71-D1FE-40EF-89E3-1F3E966CF579}.Release|x64.ActiveCfg = Release|Any CPU
		{C0A15A71-D1FE-40EF-89E3-1F3E966CF579}.Release|x64.Build.0 = Release|Any CPU
		{C0A15A71-D1FE-40EF-89E3-1F3E966CF579}.Release|x86.ActiveCfg = Release|Any CPU
		{C0A15A71-D1FE-40EF-89E3-1F3E966CF579}.Release|x86.Build.0 = Release|Any CPU
		{21591665-A247-447B-B441-6EEDCB2C3426}.Debug|Any CPU.ActiveCfg = Debug|Any CPU
		{21591665-A247-447B-B441-6EEDCB2C3426}.Debug|Any CPU.Build.0 = Debug|Any CPU
		{21591665-A247-447B-B441-6EEDCB2C3426}.Debug|x64.ActiveCfg = Debug|Any CPU
		{21591665-A247-447B-B441-6EEDCB2C3426}.Debug|x64.Build.0 = Debug|Any CPU
		{21591665-A247-447B-B441-6EEDCB2C3426}.Debug|x86.ActiveCfg = Debug|Any CPU
		{21591665-A247-447B-B441-6EEDCB2C3426}.Debug|x86.Build.0 = Debug|Any CPU
		{21591665-A247-447B-B441-6EEDCB2C3426}.Release|Any CPU.ActiveCfg = Release|Any CPU
		{21591665-A247-447B-B441-6EEDCB2C3426}.Release|Any CPU.Build.0 = Release|Any CPU
		{21591665-A247-447B-B441-6EEDCB2C3426}.Release|x64.ActiveCfg = Release|Any CPU
		{21591665-A247-447B-B441-6EEDCB2C3426}.Release|x64.Build.0 = Release|Any CPU
		{21591665-A247-447B-B441-6EEDCB2C3426}.Release|x86.ActiveCfg = Release|Any CPU
		{21591665-A247-447B-B441-6EEDCB2C3426}.Release|x86.Build.0 = Release|Any CPU
		{FBF819E6-4DCF-4BCD-83C3-9566F0E630B8}.Debug|Any CPU.ActiveCfg = Debug|Any CPU
		{FBF819E6-4DCF-4BCD-83C3-9566F0E630B8}.Debug|Any CPU.Build.0 = Debug|Any CPU
		{FBF819E6-4DCF-4BCD-83C3-9566F0E630B8}.Debug|x64.ActiveCfg = Debug|Any CPU
		{FBF819E6-4DCF-4BCD-83C3-9566F0E630B8}.Debug|x64.Build.0 = Debug|Any CPU
		{FBF819E6-4DCF-4BCD-83C3-9566F0E630B8}.Debug|x86.ActiveCfg = Debug|Any CPU
		{FBF819E6-4DCF-4BCD-83C3-9566F0E630B8}.Debug|x86.Build.0 = Debug|Any CPU
		{FBF819E6-4DCF-4BCD-83C3-9566F0E630B8}.Release|Any CPU.ActiveCfg = Release|Any CPU
		{FBF819E6-4DCF-4BCD-83C3-9566F0E630B8}.Release|Any CPU.Build.0 = Release|Any CPU
		{FBF819E6-4DCF-4BCD-83C3-9566F0E630B8}.Release|x64.ActiveCfg = Release|Any CPU
		{FBF819E6-4DCF-4BCD-83C3-9566F0E630B8}.Release|x64.Build.0 = Release|Any CPU
		{FBF819E6-4DCF-4BCD-83C3-9566F0E630B8}.Release|x86.ActiveCfg = Release|Any CPU
		{FBF819E6-4DCF-4BCD-83C3-9566F0E630B8}.Release|x86.Build.0 = Release|Any CPU
		{DDB34964-18A7-4858-93A0-5ACC9096C316}.Debug|Any CPU.ActiveCfg = Debug|Any CPU
		{DDB34964-18A7-4858-93A0-5ACC9096C316}.Debug|Any CPU.Build.0 = Debug|Any CPU
		{DDB34964-18A7-4858-93A0-5ACC9096C316}.Debug|x64.ActiveCfg = Debug|Any CPU
		{DDB34964-18A7-4858-93A0-5ACC9096C316}.Debug|x64.Build.0 = Debug|Any CPU
		{DDB34964-18A7-4858-93A0-5ACC9096C316}.Debug|x86.ActiveCfg = Debug|Any CPU
		{DDB34964-18A7-4858-93A0-5ACC9096C316}.Debug|x86.Build.0 = Debug|Any CPU
		{DDB34964-18A7-4858-93A0-5ACC9096C316}.Release|Any CPU.ActiveCfg = Release|Any CPU
		{DDB34964-18A7-4858-93A0-5ACC9096C316}.Release|Any CPU.Build.0 = Release|Any CPU
		{DDB34964-18A7-4858-93A0-5ACC9096C316}.Release|x64.ActiveCfg = Release|Any CPU
		{DDB34964-18A7-4858-93A0-5ACC9096C316}.Release|x64.Build.0 = Release|Any CPU
		{DDB34964-18A7-4858-93A0-5ACC9096C316}.Release|x86.ActiveCfg = Release|Any CPU
		{DDB34964-18A7-4858-93A0-5ACC9096C316}.Release|x86.Build.0 = Release|Any CPU
		{FF72424C-527B-430D-8E08-89D63BE634F6}.Debug|Any CPU.ActiveCfg = Debug|Any CPU
		{FF72424C-527B-430D-8E08-89D63BE634F6}.Debug|Any CPU.Build.0 = Debug|Any CPU
		{FF72424C-527B-430D-8E08-89D63BE634F6}.Debug|x64.ActiveCfg = Debug|Any CPU
		{FF72424C-527B-430D-8E08-89D63BE634F6}.Debug|x64.Build.0 = Debug|Any CPU
		{FF72424C-527B-430D-8E08-89D63BE634F6}.Debug|x86.ActiveCfg = Debug|Any CPU
		{FF72424C-527B-430D-8E08-89D63BE634F6}.Debug|x86.Build.0 = Debug|Any CPU
		{FF72424C-527B-430D-8E08-89D63BE634F6}.Release|Any CPU.ActiveCfg = Release|Any CPU
		{FF72424C-527B-430D-8E08-89D63BE634F6}.Release|Any CPU.Build.0 = Release|Any CPU
		{FF72424C-527B-430D-8E08-89D63BE634F6}.Release|x64.ActiveCfg = Release|Any CPU
		{FF72424C-527B-430D-8E08-89D63BE634F6}.Release|x64.Build.0 = Release|Any CPU
		{FF72424C-527B-430D-8E08-89D63BE634F6}.Release|x86.ActiveCfg = Release|Any CPU
		{FF72424C-527B-430D-8E08-89D63BE634F6}.Release|x86.Build.0 = Release|Any CPU
		{143FAF86-C20D-4537-B02B-B7BB589F35A3}.Debug|Any CPU.ActiveCfg = Debug|Any CPU
		{143FAF86-C20D-4537-B02B-B7BB589F35A3}.Debug|Any CPU.Build.0 = Debug|Any CPU
		{143FAF86-C20D-4537-B02B-B7BB589F35A3}.Debug|x64.ActiveCfg = Debug|Any CPU
		{143FAF86-C20D-4537-B02B-B7BB589F35A3}.Debug|x64.Build.0 = Debug|Any CPU
		{143FAF86-C20D-4537-B02B-B7BB589F35A3}.Debug|x86.ActiveCfg = Debug|Any CPU
		{143FAF86-C20D-4537-B02B-B7BB589F35A3}.Debug|x86.Build.0 = Debug|Any CPU
		{143FAF86-C20D-4537-B02B-B7BB589F35A3}.Release|Any CPU.ActiveCfg = Release|Any CPU
		{143FAF86-C20D-4537-B02B-B7BB589F35A3}.Release|Any CPU.Build.0 = Release|Any CPU
		{143FAF86-C20D-4537-B02B-B7BB589F35A3}.Release|x64.ActiveCfg = Release|Any CPU
		{143FAF86-C20D-4537-B02B-B7BB589F35A3}.Release|x64.Build.0 = Release|Any CPU
		{143FAF86-C20D-4537-B02B-B7BB589F35A3}.Release|x86.ActiveCfg = Release|Any CPU
		{143FAF86-C20D-4537-B02B-B7BB589F35A3}.Release|x86.Build.0 = Release|Any CPU
		{86BACE09-060B-4987-BE61-FE059FEAA618}.Debug|Any CPU.ActiveCfg = Debug|Any CPU
		{86BACE09-060B-4987-BE61-FE059FEAA618}.Debug|Any CPU.Build.0 = Debug|Any CPU
		{86BACE09-060B-4987-BE61-FE059FEAA618}.Debug|x64.ActiveCfg = Debug|Any CPU
		{86BACE09-060B-4987-BE61-FE059FEAA618}.Debug|x64.Build.0 = Debug|Any CPU
		{86BACE09-060B-4987-BE61-FE059FEAA618}.Debug|x86.ActiveCfg = Debug|Any CPU
		{86BACE09-060B-4987-BE61-FE059FEAA618}.Debug|x86.Build.0 = Debug|Any CPU
		{86BACE09-060B-4987-BE61-FE059FEAA618}.Release|Any CPU.ActiveCfg = Release|Any CPU
		{86BACE09-060B-4987-BE61-FE059FEAA618}.Release|Any CPU.Build.0 = Release|Any CPU
		{86BACE09-060B-4987-BE61-FE059FEAA618}.Release|x64.ActiveCfg = Release|Any CPU
		{86BACE09-060B-4987-BE61-FE059FEAA618}.Release|x64.Build.0 = Release|Any CPU
		{86BACE09-060B-4987-BE61-FE059FEAA618}.Release|x86.ActiveCfg = Release|Any CPU
		{86BACE09-060B-4987-BE61-FE059FEAA618}.Release|x86.Build.0 = Release|Any CPU
	EndGlobalSection
	GlobalSection(SolutionProperties) = preSolution
		HideSolutionNode = FALSE
	EndGlobalSection
	GlobalSection(NestedProjects) = preSolution
		{25CEF0F0-590F-49B5-A289-AFAFAD5FB13C} = {805C51DE-656B-49C7-B56D-3779016C4B46}
		{49705B85-A251-4268-BB19-05A51D432092} = {805C51DE-656B-49C7-B56D-3779016C4B46}
		{7BFA80A6-D7B2-406B-A3E9-5E1F47CABF8D} = {805C51DE-656B-49C7-B56D-3779016C4B46}
		{315A32D8-F0DD-4635-BF16-019D77CE9F06} = {805C51DE-656B-49C7-B56D-3779016C4B46}
		{8EF827D8-AB90-434A-8E76-8A8B674963C5} = {805C51DE-656B-49C7-B56D-3779016C4B46}
		{B6448A5D-5F30-47B3-B5F7-191320450B12} = {805C51DE-656B-49C7-B56D-3779016C4B46}
		{70E0630A-D457-49E1-A3C9-B0B49CB14422} = {805C51DE-656B-49C7-B56D-3779016C4B46}
		{C0A15A71-D1FE-40EF-89E3-1F3E966CF579} = {805C51DE-656B-49C7-B56D-3779016C4B46}
		{21591665-A247-447B-B441-6EEDCB2C3426} = {805C51DE-656B-49C7-B56D-3779016C4B46}
		{FBF819E6-4DCF-4BCD-83C3-9566F0E630B8} = {805C51DE-656B-49C7-B56D-3779016C4B46}
		{DDB34964-18A7-4858-93A0-5ACC9096C316} = {805C51DE-656B-49C7-B56D-3779016C4B46}
		{FF72424C-527B-430D-8E08-89D63BE634F6} = {805C51DE-656B-49C7-B56D-3779016C4B46}
		{143FAF86-C20D-4537-B02B-B7BB589F35A3} = {805C51DE-656B-49C7-B56D-3779016C4B46}
		{86BACE09-060B-4987-BE61-FE059FEAA618} = {805C51DE-656B-49C7-B56D-3779016C4B46}
	EndGlobalSection
	GlobalSection(ExtensibilityGlobals) = postSolution
		SolutionGuid = {C66EBE3E-0FA7-4D2C-82DB-C59AFA7BAD14}
	EndGlobalSection
EndGlobal
