
Microsoft Visual Studio Solution File, Format Version 12.00
# Visual Studio Version 17
VisualStudioVersion = 17.2.32630.192
MinimumVisualStudioVersion = 10.0.40219.1
Project("{FAE04EC0-301F-11D3-BF4B-00C04F79EFBC}") = "R5T.I0085-1001.Construction", "R5T.I0085-1001.Construction\R5T.I0085-1001.Construction.csproj", "{D91FCE70-5E48-4A95-8C36-2F213E896271}"
EndProject
Project("{FAE04EC0-301F-11D3-BF4B-00C04F79EFBC}") = "R5T.I0085-1001", "R5T.I0085-1001\R5T.I0085-1001.csproj", "{FDBAC7AF-B2F6-453E-8947-3D1BBCCCFB0B}"
EndProject
Project("{2150E333-8FDC-42A3-9474-1A3956D46DE8}") = "_Dependencies", "_Dependencies", "{33B2195D-3FFE-48E0-BC47-9F4B98157E42}"
EndProject
Project("{FAE04EC0-301F-11D3-BF4B-00C04F79EFBC}") = "R5T.T0064", "..\..\R5T.T0064\source\R5T.T0064\R5T.T0064.csproj", "{BEC2E976-D2A5-4FD0-B4CE-7EB9116496EC}"
EndProject
Project("{9A19103F-16F7-4668-BE54-9A1E7A4F7556}") = "R5T.D0085.Base", "..\..\R5T.D0085\source\R5T.D0085.Base\R5T.D0085.Base.csproj", "{0094BF92-5255-4C74-870A-6A17DE970B7E}"
EndProject
Project("{9A19103F-16F7-4668-BE54-9A1E7A4F7556}") = "R5T.D1001.A001", "..\..\R5T.D1001\source\R5T.D1001.A001\R5T.D1001.A001.csproj", "{3EFEB208-49E2-4D54-9CBE-9DB671FDCA6A}"
EndProject
Project("{9A19103F-16F7-4668-BE54-9A1E7A4F7556}") = "R5T.D1001.Base", "..\..\R5T.D1001\source\R5T.D1001.Base\R5T.D1001.Base.csproj", "{023F5D19-8512-46DA-83D0-6C59B479B520}"
EndProject
Project("{9A19103F-16F7-4668-BE54-9A1E7A4F7556}") = "R5T.D1001.I001", "..\..\R5T.D1001\source\R5T.D1001.I001\R5T.D1001.I001.csproj", "{E50D27F1-A125-4165-8E5E-EA234476962A}"
EndProject
Project("{9A19103F-16F7-4668-BE54-9A1E7A4F7556}") = "R5T.L0013", "..\..\R5T.L0013\source\R5T.L0013\R5T.L0013.csproj", "{68559A27-A26F-431B-89A9-C1533AA228B9}"
EndProject
Project("{9A19103F-16F7-4668-BE54-9A1E7A4F7556}") = "R5T.Magyar", "..\..\R5T.Magyar\source\R5T.Magyar\R5T.Magyar.csproj", "{246608F1-6678-4BE2-972D-90AB320C6A1D}"
EndProject
Project("{9A19103F-16F7-4668-BE54-9A1E7A4F7556}") = "R5T.T0039.T002", "..\..\R5T.T0039\source\R5T.T0039.T002\R5T.T0039.T002.csproj", "{820B6866-1C06-4B85-957B-823B8EED441A}"
EndProject
Project("{9A19103F-16F7-4668-BE54-9A1E7A4F7556}") = "R5T.T0062.X001", "..\..\R5T.T0062\source\R5T.T0062.X001\R5T.T0062.X001.csproj", "{7F03B732-AAAD-4A16-99AB-C263F02E0952}"
EndProject
Project("{9A19103F-16F7-4668-BE54-9A1E7A4F7556}") = "R5T.T0062", "..\..\R5T.T0062\source\R5T.T0062\R5T.T0062.csproj", "{C6430036-4684-4814-9FA0-49E8F0164245}"
EndProject
Project("{9A19103F-16F7-4668-BE54-9A1E7A4F7556}") = "R5T.T0063", "..\..\R5T.T0063\source\R5T.T0063\R5T.T0063.csproj", "{CC2EBFDF-B7C9-42E8-B843-F6D66D4DAD02}"
EndProject
Project("{9A19103F-16F7-4668-BE54-9A1E7A4F7556}") = "R5T.T0067.X001", "..\..\R5T.T0067\source\R5T.T0067.X001\R5T.T0067.X001.csproj", "{9CE22404-A687-42B2-823D-A714BCD2ECD1}"
EndProject
Project("{9A19103F-16F7-4668-BE54-9A1E7A4F7556}") = "R5T.T0067", "..\..\R5T.T0067\source\R5T.T0067\R5T.T0067.csproj", "{85E882B3-C885-4646-8407-AC58CBBABFE0}"
EndProject
Project("{9A19103F-16F7-4668-BE54-9A1E7A4F7556}") = "R5T.T0072", "..\..\R5T.T0072\source\R5T.T0072\R5T.T0072.csproj", "{BD3805F2-0547-43D0-AC30-141B27F67FE6}"
EndProject
Project("{9A19103F-16F7-4668-BE54-9A1E7A4F7556}") = "R5T.T0143", "..\..\R5T.T0143\source\R5T.T0143\R5T.T0143.csproj", "{C53D8C87-0CA9-4AFA-95C4-A4D4A2115C88}"
EndProject
Global
	GlobalSection(NestedProjects) = preSolution
		{BEC2E976-D2A5-4FD0-B4CE-7EB9116496EC} = {33B2195D-3FFE-48E0-BC47-9F4B98157E42}
		{0094BF92-5255-4C74-870A-6A17DE970B7E} = {33B2195D-3FFE-48E0-BC47-9F4B98157E42}
		{3EFEB208-49E2-4D54-9CBE-9DB671FDCA6A} = {33B2195D-3FFE-48E0-BC47-9F4B98157E42}
		{023F5D19-8512-46DA-83D0-6C59B479B520} = {33B2195D-3FFE-48E0-BC47-9F4B98157E42}
		{E50D27F1-A125-4165-8E5E-EA234476962A} = {33B2195D-3FFE-48E0-BC47-9F4B98157E42}
		{68559A27-A26F-431B-89A9-C1533AA228B9} = {33B2195D-3FFE-48E0-BC47-9F4B98157E42}
		{246608F1-6678-4BE2-972D-90AB320C6A1D} = {33B2195D-3FFE-48E0-BC47-9F4B98157E42}
		{820B6866-1C06-4B85-957B-823B8EED441A} = {33B2195D-3FFE-48E0-BC47-9F4B98157E42}
		{7F03B732-AAAD-4A16-99AB-C263F02E0952} = {33B2195D-3FFE-48E0-BC47-9F4B98157E42}
		{C6430036-4684-4814-9FA0-49E8F0164245} = {33B2195D-3FFE-48E0-BC47-9F4B98157E42}
		{CC2EBFDF-B7C9-42E8-B843-F6D66D4DAD02} = {33B2195D-3FFE-48E0-BC47-9F4B98157E42}
		{9CE22404-A687-42B2-823D-A714BCD2ECD1} = {33B2195D-3FFE-48E0-BC47-9F4B98157E42}
		{85E882B3-C885-4646-8407-AC58CBBABFE0} = {33B2195D-3FFE-48E0-BC47-9F4B98157E42}
		{BD3805F2-0547-43D0-AC30-141B27F67FE6} = {33B2195D-3FFE-48E0-BC47-9F4B98157E42}
		{C53D8C87-0CA9-4AFA-95C4-A4D4A2115C88} = {33B2195D-3FFE-48E0-BC47-9F4B98157E42}
	EndGlobalSection
	GlobalSection(SolutionConfigurationPlatforms) = preSolution
		Debug|Any CPU = Debug|Any CPU
		Debug|x64 = Debug|x64
		Debug|x86 = Debug|x86
		Release|Any CPU = Release|Any CPU
		Release|x64 = Release|x64
		Release|x86 = Release|x86
	EndGlobalSection
	GlobalSection(ProjectConfigurationPlatforms) = postSolution
		{D91FCE70-5E48-4A95-8C36-2F213E896271}.Debug|Any CPU.ActiveCfg = Debug|Any CPU
		{D91FCE70-5E48-4A95-8C36-2F213E896271}.Debug|Any CPU.Build.0 = Debug|Any CPU
		{D91FCE70-5E48-4A95-8C36-2F213E896271}.Debug|x64.ActiveCfg = Debug|Any CPU
		{D91FCE70-5E48-4A95-8C36-2F213E896271}.Debug|x64.Build.0 = Debug|Any CPU
		{D91FCE70-5E48-4A95-8C36-2F213E896271}.Debug|x86.ActiveCfg = Debug|Any CPU
		{D91FCE70-5E48-4A95-8C36-2F213E896271}.Debug|x86.Build.0 = Debug|Any CPU
		{D91FCE70-5E48-4A95-8C36-2F213E896271}.Release|Any CPU.ActiveCfg = Release|Any CPU
		{D91FCE70-5E48-4A95-8C36-2F213E896271}.Release|Any CPU.Build.0 = Release|Any CPU
		{D91FCE70-5E48-4A95-8C36-2F213E896271}.Release|x64.ActiveCfg = Release|Any CPU
		{D91FCE70-5E48-4A95-8C36-2F213E896271}.Release|x64.Build.0 = Release|Any CPU
		{D91FCE70-5E48-4A95-8C36-2F213E896271}.Release|x86.ActiveCfg = Release|Any CPU
		{D91FCE70-5E48-4A95-8C36-2F213E896271}.Release|x86.Build.0 = Release|Any CPU
		{FDBAC7AF-B2F6-453E-8947-3D1BBCCCFB0B}.Debug|Any CPU.ActiveCfg = Debug|Any CPU
		{FDBAC7AF-B2F6-453E-8947-3D1BBCCCFB0B}.Debug|Any CPU.Build.0 = Debug|Any CPU
		{FDBAC7AF-B2F6-453E-8947-3D1BBCCCFB0B}.Debug|x64.ActiveCfg = Debug|Any CPU
		{FDBAC7AF-B2F6-453E-8947-3D1BBCCCFB0B}.Debug|x64.Build.0 = Debug|Any CPU
		{FDBAC7AF-B2F6-453E-8947-3D1BBCCCFB0B}.Debug|x86.ActiveCfg = Debug|Any CPU
		{FDBAC7AF-B2F6-453E-8947-3D1BBCCCFB0B}.Debug|x86.Build.0 = Debug|Any CPU
		{FDBAC7AF-B2F6-453E-8947-3D1BBCCCFB0B}.Release|Any CPU.ActiveCfg = Release|Any CPU
		{FDBAC7AF-B2F6-453E-8947-3D1BBCCCFB0B}.Release|Any CPU.Build.0 = Release|Any CPU
		{FDBAC7AF-B2F6-453E-8947-3D1BBCCCFB0B}.Release|x64.ActiveCfg = Release|Any CPU
		{FDBAC7AF-B2F6-453E-8947-3D1BBCCCFB0B}.Release|x64.Build.0 = Release|Any CPU
		{FDBAC7AF-B2F6-453E-8947-3D1BBCCCFB0B}.Release|x86.ActiveCfg = Release|Any CPU
		{FDBAC7AF-B2F6-453E-8947-3D1BBCCCFB0B}.Release|x86.Build.0 = Release|Any CPU
		{BEC2E976-D2A5-4FD0-B4CE-7EB9116496EC}.Debug|Any CPU.ActiveCfg = Debug|Any CPU
		{BEC2E976-D2A5-4FD0-B4CE-7EB9116496EC}.Debug|Any CPU.Build.0 = Debug|Any CPU
		{BEC2E976-D2A5-4FD0-B4CE-7EB9116496EC}.Debug|x64.ActiveCfg = Debug|Any CPU
		{BEC2E976-D2A5-4FD0-B4CE-7EB9116496EC}.Debug|x64.Build.0 = Debug|Any CPU
		{BEC2E976-D2A5-4FD0-B4CE-7EB9116496EC}.Debug|x86.ActiveCfg = Debug|Any CPU
		{BEC2E976-D2A5-4FD0-B4CE-7EB9116496EC}.Debug|x86.Build.0 = Debug|Any CPU
		{BEC2E976-D2A5-4FD0-B4CE-7EB9116496EC}.Release|Any CPU.ActiveCfg = Release|Any CPU
		{BEC2E976-D2A5-4FD0-B4CE-7EB9116496EC}.Release|Any CPU.Build.0 = Release|Any CPU
		{BEC2E976-D2A5-4FD0-B4CE-7EB9116496EC}.Release|x64.ActiveCfg = Release|Any CPU
		{BEC2E976-D2A5-4FD0-B4CE-7EB9116496EC}.Release|x64.Build.0 = Release|Any CPU
		{BEC2E976-D2A5-4FD0-B4CE-7EB9116496EC}.Release|x86.ActiveCfg = Release|Any CPU
		{BEC2E976-D2A5-4FD0-B4CE-7EB9116496EC}.Release|x86.Build.0 = Release|Any CPU
		{0094BF92-5255-4C74-870A-6A17DE970B7E}.Debug|Any CPU.ActiveCfg = Debug|Any CPU
		{0094BF92-5255-4C74-870A-6A17DE970B7E}.Debug|Any CPU.Build.0 = Debug|Any CPU
		{0094BF92-5255-4C74-870A-6A17DE970B7E}.Debug|x64.ActiveCfg = Debug|Any CPU
		{0094BF92-5255-4C74-870A-6A17DE970B7E}.Debug|x64.Build.0 = Debug|Any CPU
		{0094BF92-5255-4C74-870A-6A17DE970B7E}.Debug|x86.ActiveCfg = Debug|Any CPU
		{0094BF92-5255-4C74-870A-6A17DE970B7E}.Debug|x86.Build.0 = Debug|Any CPU
		{0094BF92-5255-4C74-870A-6A17DE970B7E}.Release|Any CPU.ActiveCfg = Release|Any CPU
		{0094BF92-5255-4C74-870A-6A17DE970B7E}.Release|Any CPU.Build.0 = Release|Any CPU
		{0094BF92-5255-4C74-870A-6A17DE970B7E}.Release|x64.ActiveCfg = Release|Any CPU
		{0094BF92-5255-4C74-870A-6A17DE970B7E}.Release|x64.Build.0 = Release|Any CPU
		{0094BF92-5255-4C74-870A-6A17DE970B7E}.Release|x86.ActiveCfg = Release|Any CPU
		{0094BF92-5255-4C74-870A-6A17DE970B7E}.Release|x86.Build.0 = Release|Any CPU
		{3EFEB208-49E2-4D54-9CBE-9DB671FDCA6A}.Debug|Any CPU.ActiveCfg = Debug|Any CPU
		{3EFEB208-49E2-4D54-9CBE-9DB671FDCA6A}.Debug|Any CPU.Build.0 = Debug|Any CPU
		{3EFEB208-49E2-4D54-9CBE-9DB671FDCA6A}.Debug|x64.ActiveCfg = Debug|Any CPU
		{3EFEB208-49E2-4D54-9CBE-9DB671FDCA6A}.Debug|x64.Build.0 = Debug|Any CPU
		{3EFEB208-49E2-4D54-9CBE-9DB671FDCA6A}.Debug|x86.ActiveCfg = Debug|Any CPU
		{3EFEB208-49E2-4D54-9CBE-9DB671FDCA6A}.Debug|x86.Build.0 = Debug|Any CPU
		{3EFEB208-49E2-4D54-9CBE-9DB671FDCA6A}.Release|Any CPU.ActiveCfg = Release|Any CPU
		{3EFEB208-49E2-4D54-9CBE-9DB671FDCA6A}.Release|Any CPU.Build.0 = Release|Any CPU
		{3EFEB208-49E2-4D54-9CBE-9DB671FDCA6A}.Release|x64.ActiveCfg = Release|Any CPU
		{3EFEB208-49E2-4D54-9CBE-9DB671FDCA6A}.Release|x64.Build.0 = Release|Any CPU
		{3EFEB208-49E2-4D54-9CBE-9DB671FDCA6A}.Release|x86.ActiveCfg = Release|Any CPU
		{3EFEB208-49E2-4D54-9CBE-9DB671FDCA6A}.Release|x86.Build.0 = Release|Any CPU
		{023F5D19-8512-46DA-83D0-6C59B479B520}.Debug|Any CPU.ActiveCfg = Debug|Any CPU
		{023F5D19-8512-46DA-83D0-6C59B479B520}.Debug|Any CPU.Build.0 = Debug|Any CPU
		{023F5D19-8512-46DA-83D0-6C59B479B520}.Debug|x64.ActiveCfg = Debug|Any CPU
		{023F5D19-8512-46DA-83D0-6C59B479B520}.Debug|x64.Build.0 = Debug|Any CPU
		{023F5D19-8512-46DA-83D0-6C59B479B520}.Debug|x86.ActiveCfg = Debug|Any CPU
		{023F5D19-8512-46DA-83D0-6C59B479B520}.Debug|x86.Build.0 = Debug|Any CPU
		{023F5D19-8512-46DA-83D0-6C59B479B520}.Release|Any CPU.ActiveCfg = Release|Any CPU
		{023F5D19-8512-46DA-83D0-6C59B479B520}.Release|Any CPU.Build.0 = Release|Any CPU
		{023F5D19-8512-46DA-83D0-6C59B479B520}.Release|x64.ActiveCfg = Release|Any CPU
		{023F5D19-8512-46DA-83D0-6C59B479B520}.Release|x64.Build.0 = Release|Any CPU
		{023F5D19-8512-46DA-83D0-6C59B479B520}.Release|x86.ActiveCfg = Release|Any CPU
		{023F5D19-8512-46DA-83D0-6C59B479B520}.Release|x86.Build.0 = Release|Any CPU
		{E50D27F1-A125-4165-8E5E-EA234476962A}.Debug|Any CPU.ActiveCfg = Debug|Any CPU
		{E50D27F1-A125-4165-8E5E-EA234476962A}.Debug|Any CPU.Build.0 = Debug|Any CPU
		{E50D27F1-A125-4165-8E5E-EA234476962A}.Debug|x64.ActiveCfg = Debug|Any CPU
		{E50D27F1-A125-4165-8E5E-EA234476962A}.Debug|x64.Build.0 = Debug|Any CPU
		{E50D27F1-A125-4165-8E5E-EA234476962A}.Debug|x86.ActiveCfg = Debug|Any CPU
		{E50D27F1-A125-4165-8E5E-EA234476962A}.Debug|x86.Build.0 = Debug|Any CPU
		{E50D27F1-A125-4165-8E5E-EA234476962A}.Release|Any CPU.ActiveCfg = Release|Any CPU
		{E50D27F1-A125-4165-8E5E-EA234476962A}.Release|Any CPU.Build.0 = Release|Any CPU
		{E50D27F1-A125-4165-8E5E-EA234476962A}.Release|x64.ActiveCfg = Release|Any CPU
		{E50D27F1-A125-4165-8E5E-EA234476962A}.Release|x64.Build.0 = Release|Any CPU
		{E50D27F1-A125-4165-8E5E-EA234476962A}.Release|x86.ActiveCfg = Release|Any CPU
		{E50D27F1-A125-4165-8E5E-EA234476962A}.Release|x86.Build.0 = Release|Any CPU
		{68559A27-A26F-431B-89A9-C1533AA228B9}.Debug|Any CPU.ActiveCfg = Debug|Any CPU
		{68559A27-A26F-431B-89A9-C1533AA228B9}.Debug|Any CPU.Build.0 = Debug|Any CPU
		{68559A27-A26F-431B-89A9-C1533AA228B9}.Debug|x64.ActiveCfg = Debug|Any CPU
		{68559A27-A26F-431B-89A9-C1533AA228B9}.Debug|x64.Build.0 = Debug|Any CPU
		{68559A27-A26F-431B-89A9-C1533AA228B9}.Debug|x86.ActiveCfg = Debug|Any CPU
		{68559A27-A26F-431B-89A9-C1533AA228B9}.Debug|x86.Build.0 = Debug|Any CPU
		{68559A27-A26F-431B-89A9-C1533AA228B9}.Release|Any CPU.ActiveCfg = Release|Any CPU
		{68559A27-A26F-431B-89A9-C1533AA228B9}.Release|Any CPU.Build.0 = Release|Any CPU
		{68559A27-A26F-431B-89A9-C1533AA228B9}.Release|x64.ActiveCfg = Release|Any CPU
		{68559A27-A26F-431B-89A9-C1533AA228B9}.Release|x64.Build.0 = Release|Any CPU
		{68559A27-A26F-431B-89A9-C1533AA228B9}.Release|x86.ActiveCfg = Release|Any CPU
		{68559A27-A26F-431B-89A9-C1533AA228B9}.Release|x86.Build.0 = Release|Any CPU
		{246608F1-6678-4BE2-972D-90AB320C6A1D}.Debug|Any CPU.ActiveCfg = Debug|Any CPU
		{246608F1-6678-4BE2-972D-90AB320C6A1D}.Debug|Any CPU.Build.0 = Debug|Any CPU
		{246608F1-6678-4BE2-972D-90AB320C6A1D}.Debug|x64.ActiveCfg = Debug|Any CPU
		{246608F1-6678-4BE2-972D-90AB320C6A1D}.Debug|x64.Build.0 = Debug|Any CPU
		{246608F1-6678-4BE2-972D-90AB320C6A1D}.Debug|x86.ActiveCfg = Debug|Any CPU
		{246608F1-6678-4BE2-972D-90AB320C6A1D}.Debug|x86.Build.0 = Debug|Any CPU
		{246608F1-6678-4BE2-972D-90AB320C6A1D}.Release|Any CPU.ActiveCfg = Release|Any CPU
		{246608F1-6678-4BE2-972D-90AB320C6A1D}.Release|Any CPU.Build.0 = Release|Any CPU
		{246608F1-6678-4BE2-972D-90AB320C6A1D}.Release|x64.ActiveCfg = Release|Any CPU
		{246608F1-6678-4BE2-972D-90AB320C6A1D}.Release|x64.Build.0 = Release|Any CPU
		{246608F1-6678-4BE2-972D-90AB320C6A1D}.Release|x86.ActiveCfg = Release|Any CPU
		{246608F1-6678-4BE2-972D-90AB320C6A1D}.Release|x86.Build.0 = Release|Any CPU
		{820B6866-1C06-4B85-957B-823B8EED441A}.Debug|Any CPU.ActiveCfg = Debug|Any CPU
		{820B6866-1C06-4B85-957B-823B8EED441A}.Debug|Any CPU.Build.0 = Debug|Any CPU
		{820B6866-1C06-4B85-957B-823B8EED441A}.Debug|x64.ActiveCfg = Debug|Any CPU
		{820B6866-1C06-4B85-957B-823B8EED441A}.Debug|x64.Build.0 = Debug|Any CPU
		{820B6866-1C06-4B85-957B-823B8EED441A}.Debug|x86.ActiveCfg = Debug|Any CPU
		{820B6866-1C06-4B85-957B-823B8EED441A}.Debug|x86.Build.0 = Debug|Any CPU
		{820B6866-1C06-4B85-957B-823B8EED441A}.Release|Any CPU.ActiveCfg = Release|Any CPU
		{820B6866-1C06-4B85-957B-823B8EED441A}.Release|Any CPU.Build.0 = Release|Any CPU
		{820B6866-1C06-4B85-957B-823B8EED441A}.Release|x64.ActiveCfg = Release|Any CPU
		{820B6866-1C06-4B85-957B-823B8EED441A}.Release|x64.Build.0 = Release|Any CPU
		{820B6866-1C06-4B85-957B-823B8EED441A}.Release|x86.ActiveCfg = Release|Any CPU
		{820B6866-1C06-4B85-957B-823B8EED441A}.Release|x86.Build.0 = Release|Any CPU
		{7F03B732-AAAD-4A16-99AB-C263F02E0952}.Debug|Any CPU.ActiveCfg = Debug|Any CPU
		{7F03B732-AAAD-4A16-99AB-C263F02E0952}.Debug|Any CPU.Build.0 = Debug|Any CPU
		{7F03B732-AAAD-4A16-99AB-C263F02E0952}.Debug|x64.ActiveCfg = Debug|Any CPU
		{7F03B732-AAAD-4A16-99AB-C263F02E0952}.Debug|x64.Build.0 = Debug|Any CPU
		{7F03B732-AAAD-4A16-99AB-C263F02E0952}.Debug|x86.ActiveCfg = Debug|Any CPU
		{7F03B732-AAAD-4A16-99AB-C263F02E0952}.Debug|x86.Build.0 = Debug|Any CPU
		{7F03B732-AAAD-4A16-99AB-C263F02E0952}.Release|Any CPU.ActiveCfg = Release|Any CPU
		{7F03B732-AAAD-4A16-99AB-C263F02E0952}.Release|Any CPU.Build.0 = Release|Any CPU
		{7F03B732-AAAD-4A16-99AB-C263F02E0952}.Release|x64.ActiveCfg = Release|Any CPU
		{7F03B732-AAAD-4A16-99AB-C263F02E0952}.Release|x64.Build.0 = Release|Any CPU
		{7F03B732-AAAD-4A16-99AB-C263F02E0952}.Release|x86.ActiveCfg = Release|Any CPU
		{7F03B732-AAAD-4A16-99AB-C263F02E0952}.Release|x86.Build.0 = Release|Any CPU
		{C6430036-4684-4814-9FA0-49E8F0164245}.Debug|Any CPU.ActiveCfg = Debug|Any CPU
		{C6430036-4684-4814-9FA0-49E8F0164245}.Debug|Any CPU.Build.0 = Debug|Any CPU
		{C6430036-4684-4814-9FA0-49E8F0164245}.Debug|x64.ActiveCfg = Debug|Any CPU
		{C6430036-4684-4814-9FA0-49E8F0164245}.Debug|x64.Build.0 = Debug|Any CPU
		{C6430036-4684-4814-9FA0-49E8F0164245}.Debug|x86.ActiveCfg = Debug|Any CPU
		{C6430036-4684-4814-9FA0-49E8F0164245}.Debug|x86.Build.0 = Debug|Any CPU
		{C6430036-4684-4814-9FA0-49E8F0164245}.Release|Any CPU.ActiveCfg = Release|Any CPU
		{C6430036-4684-4814-9FA0-49E8F0164245}.Release|Any CPU.Build.0 = Release|Any CPU
		{C6430036-4684-4814-9FA0-49E8F0164245}.Release|x64.ActiveCfg = Release|Any CPU
		{C6430036-4684-4814-9FA0-49E8F0164245}.Release|x64.Build.0 = Release|Any CPU
		{C6430036-4684-4814-9FA0-49E8F0164245}.Release|x86.ActiveCfg = Release|Any CPU
		{C6430036-4684-4814-9FA0-49E8F0164245}.Release|x86.Build.0 = Release|Any CPU
		{CC2EBFDF-B7C9-42E8-B843-F6D66D4DAD02}.Debug|Any CPU.ActiveCfg = Debug|Any CPU
		{CC2EBFDF-B7C9-42E8-B843-F6D66D4DAD02}.Debug|Any CPU.Build.0 = Debug|Any CPU
		{CC2EBFDF-B7C9-42E8-B843-F6D66D4DAD02}.Debug|x64.ActiveCfg = Debug|Any CPU
		{CC2EBFDF-B7C9-42E8-B843-F6D66D4DAD02}.Debug|x64.Build.0 = Debug|Any CPU
		{CC2EBFDF-B7C9-42E8-B843-F6D66D4DAD02}.Debug|x86.ActiveCfg = Debug|Any CPU
		{CC2EBFDF-B7C9-42E8-B843-F6D66D4DAD02}.Debug|x86.Build.0 = Debug|Any CPU
		{CC2EBFDF-B7C9-42E8-B843-F6D66D4DAD02}.Release|Any CPU.ActiveCfg = Release|Any CPU
		{CC2EBFDF-B7C9-42E8-B843-F6D66D4DAD02}.Release|Any CPU.Build.0 = Release|Any CPU
		{CC2EBFDF-B7C9-42E8-B843-F6D66D4DAD02}.Release|x64.ActiveCfg = Release|Any CPU
		{CC2EBFDF-B7C9-42E8-B843-F6D66D4DAD02}.Release|x64.Build.0 = Release|Any CPU
		{CC2EBFDF-B7C9-42E8-B843-F6D66D4DAD02}.Release|x86.ActiveCfg = Release|Any CPU
		{CC2EBFDF-B7C9-42E8-B843-F6D66D4DAD02}.Release|x86.Build.0 = Release|Any CPU
		{9CE22404-A687-42B2-823D-A714BCD2ECD1}.Debug|Any CPU.ActiveCfg = Debug|Any CPU
		{9CE22404-A687-42B2-823D-A714BCD2ECD1}.Debug|Any CPU.Build.0 = Debug|Any CPU
		{9CE22404-A687-42B2-823D-A714BCD2ECD1}.Debug|x64.ActiveCfg = Debug|Any CPU
		{9CE22404-A687-42B2-823D-A714BCD2ECD1}.Debug|x64.Build.0 = Debug|Any CPU
		{9CE22404-A687-42B2-823D-A714BCD2ECD1}.Debug|x86.ActiveCfg = Debug|Any CPU
		{9CE22404-A687-42B2-823D-A714BCD2ECD1}.Debug|x86.Build.0 = Debug|Any CPU
		{9CE22404-A687-42B2-823D-A714BCD2ECD1}.Release|Any CPU.ActiveCfg = Release|Any CPU
		{9CE22404-A687-42B2-823D-A714BCD2ECD1}.Release|Any CPU.Build.0 = Release|Any CPU
		{9CE22404-A687-42B2-823D-A714BCD2ECD1}.Release|x64.ActiveCfg = Release|Any CPU
		{9CE22404-A687-42B2-823D-A714BCD2ECD1}.Release|x64.Build.0 = Release|Any CPU
		{9CE22404-A687-42B2-823D-A714BCD2ECD1}.Release|x86.ActiveCfg = Release|Any CPU
		{9CE22404-A687-42B2-823D-A714BCD2ECD1}.Release|x86.Build.0 = Release|Any CPU
		{85E882B3-C885-4646-8407-AC58CBBABFE0}.Debug|Any CPU.ActiveCfg = Debug|Any CPU
		{85E882B3-C885-4646-8407-AC58CBBABFE0}.Debug|Any CPU.Build.0 = Debug|Any CPU
		{85E882B3-C885-4646-8407-AC58CBBABFE0}.Debug|x64.ActiveCfg = Debug|Any CPU
		{85E882B3-C885-4646-8407-AC58CBBABFE0}.Debug|x64.Build.0 = Debug|Any CPU
		{85E882B3-C885-4646-8407-AC58CBBABFE0}.Debug|x86.ActiveCfg = Debug|Any CPU
		{85E882B3-C885-4646-8407-AC58CBBABFE0}.Debug|x86.Build.0 = Debug|Any CPU
		{85E882B3-C885-4646-8407-AC58CBBABFE0}.Release|Any CPU.ActiveCfg = Release|Any CPU
		{85E882B3-C885-4646-8407-AC58CBBABFE0}.Release|Any CPU.Build.0 = Release|Any CPU
		{85E882B3-C885-4646-8407-AC58CBBABFE0}.Release|x64.ActiveCfg = Release|Any CPU
		{85E882B3-C885-4646-8407-AC58CBBABFE0}.Release|x64.Build.0 = Release|Any CPU
		{85E882B3-C885-4646-8407-AC58CBBABFE0}.Release|x86.ActiveCfg = Release|Any CPU
		{85E882B3-C885-4646-8407-AC58CBBABFE0}.Release|x86.Build.0 = Release|Any CPU
		{BD3805F2-0547-43D0-AC30-141B27F67FE6}.Debug|Any CPU.ActiveCfg = Debug|Any CPU
		{BD3805F2-0547-43D0-AC30-141B27F67FE6}.Debug|Any CPU.Build.0 = Debug|Any CPU
		{BD3805F2-0547-43D0-AC30-141B27F67FE6}.Debug|x64.ActiveCfg = Debug|Any CPU
		{BD3805F2-0547-43D0-AC30-141B27F67FE6}.Debug|x64.Build.0 = Debug|Any CPU
		{BD3805F2-0547-43D0-AC30-141B27F67FE6}.Debug|x86.ActiveCfg = Debug|Any CPU
		{BD3805F2-0547-43D0-AC30-141B27F67FE6}.Debug|x86.Build.0 = Debug|Any CPU
		{BD3805F2-0547-43D0-AC30-141B27F67FE6}.Release|Any CPU.ActiveCfg = Release|Any CPU
		{BD3805F2-0547-43D0-AC30-141B27F67FE6}.Release|Any CPU.Build.0 = Release|Any CPU
		{BD3805F2-0547-43D0-AC30-141B27F67FE6}.Release|x64.ActiveCfg = Release|Any CPU
		{BD3805F2-0547-43D0-AC30-141B27F67FE6}.Release|x64.Build.0 = Release|Any CPU
		{BD3805F2-0547-43D0-AC30-141B27F67FE6}.Release|x86.ActiveCfg = Release|Any CPU
		{BD3805F2-0547-43D0-AC30-141B27F67FE6}.Release|x86.Build.0 = Release|Any CPU
		{C53D8C87-0CA9-4AFA-95C4-A4D4A2115C88}.Debug|Any CPU.ActiveCfg = Debug|Any CPU
		{C53D8C87-0CA9-4AFA-95C4-A4D4A2115C88}.Debug|Any CPU.Build.0 = Debug|Any CPU
		{C53D8C87-0CA9-4AFA-95C4-A4D4A2115C88}.Debug|x64.ActiveCfg = Debug|Any CPU
		{C53D8C87-0CA9-4AFA-95C4-A4D4A2115C88}.Debug|x64.Build.0 = Debug|Any CPU
		{C53D8C87-0CA9-4AFA-95C4-A4D4A2115C88}.Debug|x86.ActiveCfg = Debug|Any CPU
		{C53D8C87-0CA9-4AFA-95C4-A4D4A2115C88}.Debug|x86.Build.0 = Debug|Any CPU
		{C53D8C87-0CA9-4AFA-95C4-A4D4A2115C88}.Release|Any CPU.ActiveCfg = Release|Any CPU
		{C53D8C87-0CA9-4AFA-95C4-A4D4A2115C88}.Release|Any CPU.Build.0 = Release|Any CPU
		{C53D8C87-0CA9-4AFA-95C4-A4D4A2115C88}.Release|x64.ActiveCfg = Release|Any CPU
		{C53D8C87-0CA9-4AFA-95C4-A4D4A2115C88}.Release|x64.Build.0 = Release|Any CPU
		{C53D8C87-0CA9-4AFA-95C4-A4D4A2115C88}.Release|x86.ActiveCfg = Release|Any CPU
		{C53D8C87-0CA9-4AFA-95C4-A4D4A2115C88}.Release|x86.Build.0 = Release|Any CPU
	EndGlobalSection
	GlobalSection(SolutionProperties) = preSolution
		HideSolutionNode = FALSE
	EndGlobalSection
EndGlobal
